
Microsoft Visual Studio Solution File, Format Version 12.00
# Visual Studio Version 16
VisualStudioVersion = 16.0.31729.503
MinimumVisualStudioVersion = 10.0.40219.1
Project("{FAE04EC0-301F-11D3-BF4B-00C04F79EFBC}") = "TRMDataManager", "TRMDataManager\TRMDataManager.csproj", "{3F96E0CB-6FEC-4566-B50B-5F7A0AAD4D49}"
EndProject
Project("{00D1A9C2-B5F0-4AF3-8072-F6C62B433612}") = "TRMData", "TRMData\TRMData.sqlproj", "{88F879A2-FCA6-4914-8453-5325079B016B}"
EndProject
Project("{FAE04EC0-301F-11D3-BF4B-00C04F79EFBC}") = "TRMDesktopUI", "TRMDesktopUI\TRMDesktopUI.csproj", "{172EAB43-74BB-4276-A5CB-414653B93E85}"
EndProject
Project("{FAE04EC0-301F-11D3-BF4B-00C04F79EFBC}") = "TRMDataManager.Library", "TRMDataManager.Library\TRMDataManager.Library.csproj", "{91E91F83-2920-48FE-B72F-9457B3E01026}"
EndProject
Project("{FAE04EC0-301F-11D3-BF4B-00C04F79EFBC}") = "TRMDesktopUI.Library", "TRMDesktopUI.Library\TRMDesktopUI.Library.csproj", "{148D4207-50CC-403A-9C55-852364CBFE43}"
EndProject
Global
	GlobalSection(SolutionConfigurationPlatforms) = preSolution
		Debug|Any CPU = Debug|Any CPU
		Release|Any CPU = Release|Any CPU
	EndGlobalSection
	GlobalSection(ProjectConfigurationPlatforms) = postSolution
		{3F96E0CB-6FEC-4566-B50B-5F7A0AAD4D49}.Debug|Any CPU.ActiveCfg = Debug|Any CPU
		{3F96E0CB-6FEC-4566-B50B-5F7A0AAD4D49}.Debug|Any CPU.Build.0 = Debug|Any CPU
		{3F96E0CB-6FEC-4566-B50B-5F7A0AAD4D49}.Release|Any CPU.ActiveCfg = Release|Any CPU
		{3F96E0CB-6FEC-4566-B50B-5F7A0AAD4D49}.Release|Any CPU.Build.0 = Release|Any CPU
		{88F879A2-FCA6-4914-8453-5325079B016B}.Debug|Any CPU.ActiveCfg = Debug|Any CPU
		{88F879A2-FCA6-4914-8453-5325079B016B}.Debug|Any CPU.Build.0 = Debug|Any CPU
		{88F879A2-FCA6-4914-8453-5325079B016B}.Debug|Any CPU.Deploy.0 = Debug|Any CPU
		{88F879A2-FCA6-4914-8453-5325079B016B}.Release|Any CPU.ActiveCfg = Release|Any CPU
		{88F879A2-FCA6-4914-8453-5325079B016B}.Release|Any CPU.Build.0 = Release|Any CPU
		{88F879A2-FCA6-4914-8453-5325079B016B}.Release|Any CPU.Deploy.0 = Release|Any CPU
		{172EAB43-74BB-4276-A5CB-414653B93E85}.Debug|Any CPU.ActiveCfg = Debug|Any CPU
		{172EAB43-74BB-4276-A5CB-414653B93E85}.Debug|Any CPU.Build.0 = Debug|Any CPU
		{172EAB43-74BB-4276-A5CB-414653B93E85}.Release|Any CPU.ActiveCfg = Release|Any CPU
		{172EAB43-74BB-4276-A5CB-414653B93E85}.Release|Any CPU.Build.0 = Release|Any CPU
		{91E91F83-2920-48FE-B72F-9457B3E01026}.Debug|Any CPU.ActiveCfg = Debug|Any CPU
		{91E91F83-2920-48FE-B72F-9457B3E01026}.Debug|Any CPU.Build.0 = Debug|Any CPU
		{91E91F83-2920-48FE-B72F-9457B3E01026}.Release|Any CPU.ActiveCfg = Release|Any CPU
		{91E91F83-2920-48FE-B72F-9457B3E01026}.Release|Any CPU.Build.0 = Release|Any CPU
		{148D4207-50CC-403A-9C55-852364CBFE43}.Debug|Any CPU.ActiveCfg = Debug|Any CPU
		{148D4207-50CC-403A-9C55-852364CBFE43}.Debug|Any CPU.Build.0 = Debug|Any CPU
		{148D4207-50CC-403A-9C55-852364CBFE43}.Release|Any CPU.ActiveCfg = Release|Any CPU
		{148D4207-50CC-403A-9C55-852364CBFE43}.Release|Any CPU.Build.0 = Release|Any CPU
	EndGlobalSection
	GlobalSection(SolutionProperties) = preSolution
		HideSolutionNode = FALSE
	EndGlobalSection
	GlobalSection(ExtensibilityGlobals) = postSolution
		SolutionGuid = {080CE085-D59D-45D6-94C7-9694BDA13F5B}
	EndGlobalSection
EndGlobal
